
Microsoft Visual Studio Solution File, Format Version 12.00
# Visual Studio 15
VisualStudioVersion = 15.0.28010.2046
MinimumVisualStudioVersion = 10.0.40219.1
Project("{FAE04EC0-301F-11D3-BF4B-00C04F79EFBC}") = "ExerciseThirteen", "ExerciseThirteen\ExerciseThirteen.csproj", "{F443B21B-CD92-416D-A7FC-E2B13323FDF0}"
EndProject
Global
	GlobalSection(SolutionConfigurationPlatforms) = preSolution
		Debug|Any CPU = Debug|Any CPU
		Release|Any CPU = Release|Any CPU
	EndGlobalSection
	GlobalSection(ProjectConfigurationPlatforms) = postSolution
		{F443B21B-CD92-416D-A7FC-E2B13323FDF0}.Debug|Any CPU.ActiveCfg = Debug|Any CPU
		{F443B21B-CD92-416D-A7FC-E2B13323FDF0}.Debug|Any CPU.Build.0 = Debug|Any CPU
		{F443B21B-CD92-416D-A7FC-E2B13323FDF0}.Release|Any CPU.ActiveCfg = Release|Any CPU
		{F443B21B-CD92-416D-A7FC-E2B13323FDF0}.Release|Any CPU.Build.0 = Release|Any CPU
	EndGlobalSection
	GlobalSection(SolutionProperties) = preSolution
		HideSolutionNode = FALSE
	EndGlobalSection
	GlobalSection(ExtensibilityGlobals) = postSolution
		SolutionGuid = {23ADD8D8-9AC0-48F4-81BA-133304828B08}
	EndGlobalSection
EndGlobal
