
Microsoft Visual Studio Solution File, Format Version 12.00
# Visual Studio 15
VisualStudioVersion = 15.0.28010.2046
MinimumVisualStudioVersion = 10.0.40219.1
Project("{FAE04EC0-301F-11D3-BF4B-00C04F79EFBC}") = "ExerciseFourteen", "ExerciseFourteen\ExerciseFourteen.csproj", "{7D1B565B-314E-4758-86D1-0B0D4338EC4F}"
EndProject
Global
	GlobalSection(SolutionConfigurationPlatforms) = preSolution
		Debug|Any CPU = Debug|Any CPU
		Release|Any CPU = Release|Any CPU
	EndGlobalSection
	GlobalSection(ProjectConfigurationPlatforms) = postSolution
		{7D1B565B-314E-4758-86D1-0B0D4338EC4F}.Debug|Any CPU.ActiveCfg = Debug|Any CPU
		{7D1B565B-314E-4758-86D1-0B0D4338EC4F}.Debug|Any CPU.Build.0 = Debug|Any CPU
		{7D1B565B-314E-4758-86D1-0B0D4338EC4F}.Release|Any CPU.ActiveCfg = Release|Any CPU
		{7D1B565B-314E-4758-86D1-0B0D4338EC4F}.Release|Any CPU.Build.0 = Release|Any CPU
	EndGlobalSection
	GlobalSection(SolutionProperties) = preSolution
		HideSolutionNode = FALSE
	EndGlobalSection
	GlobalSection(ExtensibilityGlobals) = postSolution
		SolutionGuid = {AB63C7FD-2012-46D1-B165-B89F30065121}
	EndGlobalSection
EndGlobal
